
Microsoft Visual Studio Solution File, Format Version 12.00
# Visual Studio Version 17
VisualStudioVersion = 17.10.35027.167
MinimumVisualStudioVersion = 10.0.40219.1
Project("{FAE04EC0-301F-11D3-BF4B-00C04F79EFBC}") = "DefenseMatrixManager", "DefenseMatrixManager\DefenseMatrixManager.csproj", "{F30D9C55-D33D-4264-9792-EDD5796EAB63}"
EndProject
Global
	GlobalSection(SolutionConfigurationPlatforms) = preSolution
		Debug|Any CPU = Debug|Any CPU
		Release|Any CPU = Release|Any CPU
	EndGlobalSection
	GlobalSection(ProjectConfigurationPlatforms) = postSolution
		{F30D9C55-D33D-4264-9792-EDD5796EAB63}.Debug|Any CPU.ActiveCfg = Debug|Any CPU
		{F30D9C55-D33D-4264-9792-EDD5796EAB63}.Debug|Any CPU.Build.0 = Debug|Any CPU
		{F30D9C55-D33D-4264-9792-EDD5796EAB63}.Release|Any CPU.ActiveCfg = Release|Any CPU
		{F30D9C55-D33D-4264-9792-EDD5796EAB63}.Release|Any CPU.Build.0 = Release|Any CPU
	EndGlobalSection
	GlobalSection(SolutionProperties) = preSolution
		HideSolutionNode = FALSE
	EndGlobalSection
	GlobalSection(ExtensibilityGlobals) = postSolution
		SolutionGuid = {D90F22D5-2BA9-4524-B6D3-0F40F73F7A35}
	EndGlobalSection
EndGlobal
